{
  "name": "theodercafe",
  "version": "1.0.0",
  "lockfileVersion": 1,
  "requires": true,
  "dependencies": {
    "@babel/runtime": {
      "version": "7.4.5",
      "resolved": "https://manomano.jfrog.io/manomano/api/npm/npm-all/@babel/runtime/-/runtime-7.4.5.tgz",
      "integrity": "sha1-WCu1MfX53GfS/LaCl5iU914lPxI=",
      "requires": {
        "regenerator-runtime": "^0.13.2"
      }
    },
    "@material-ui/icons": {
      "version": "4.2.1",
      "resolved": "https://manomano.jfrog.io/manomano/api/npm/npm-all/@material-ui/icons/-/icons-4.2.1.tgz",
      "integrity": "sha1-/i8cT2DCQlbSRKadhtDADo7UA34=",
      "requires": {
        "@babel/runtime": "^7.2.0"
      }
    },
    "regenerator-runtime": {
      "version": "0.13.2",
      "resolved": "https://manomano.jfrog.io/manomano/api/npm/npm-all/regenerator-runtime/-/regenerator-runtime-0.13.2.tgz",
      "integrity": "sha1-MuWcmm+5saSv8JtJMMotRHc0NEc="
    }
  }
}
